
Microsoft Visual Studio Solution File, Format Version 12.00
# Visual Studio Version 17
VisualStudioVersion = 17.3.32901.215
MinimumVisualStudioVersion = 10.0.40219.1
Project("{9A19103F-16F7-4668-BE54-9A1E7A4F7556}") = "01_base", "01_base\01_base.csproj", "{9BE53E8F-76CF-4A42-A540-145A936F3A6E}"
EndProject
Project("{9A19103F-16F7-4668-BE54-9A1E7A4F7556}") = "02_files", "02_files\02_files.csproj", "{F6ABF8EF-84DC-48DF-B0A9-482A5CE6B5E1}"
EndProject
Project("{9A19103F-16F7-4668-BE54-9A1E7A4F7556}") = "03_classes", "03_classes\03_classes.csproj", "{95D35A84-579C-4D2A-BB1D-367B780B83CD}"
EndProject
Project("{9A19103F-16F7-4668-BE54-9A1E7A4F7556}") = "04_system_objects", "04_system_objects\04_system_objects.csproj", "{22077E5A-2215-4152-98E9-A727B120C433}"
EndProject
Project("{9A19103F-16F7-4668-BE54-9A1E7A4F7556}") = "05_generics", "05_generics\05_generics.csproj", "{7D143765-C11E-476B-936C-70BEC400994F}"
EndProject
Project("{9A19103F-16F7-4668-BE54-9A1E7A4F7556}") = "06_inheritance", "06_inheritance\06_inheritance.csproj", "{38C21EDE-FF96-4819-A3E8-E26FA91319AE}"
EndProject
Project("{9A19103F-16F7-4668-BE54-9A1E7A4F7556}") = "07_polymorphism", "07_polymorphism\07_polymorphism.csproj", "{6A915D17-7A15-4A38-9DAE-F05F0069FE8E}"
EndProject
Project("{2150E333-8FDC-42A3-9474-1A3956D46DE8}") = "08_Interfaces", "08_Interfaces", "{89DC4FE9-BEE3-4DE1-B0B9-75DF5862B973}"
EndProject
Project("{9A19103F-16F7-4668-BE54-9A1E7A4F7556}") = "02_interface_refs", "08_interfaces\02_interface_refs\02_interface_refs.csproj", "{8A75922D-8862-4671-921E-3793FF9461C7}"
EndProject
Project("{9A19103F-16F7-4668-BE54-9A1E7A4F7556}") = "01_base", "08_interfaces\01_interface_base\01_base.csproj", "{9A760022-7090-41CE-AF63-D9C4AB994253}"
EndProject
Project("{9A19103F-16F7-4668-BE54-9A1E7A4F7556}") = "03_interface_props", "08_interfaces\03_interface_props\03_interface_props.csproj", "{ECDAD232-4251-4385-801C-7FA9600663D8}"
EndProject
Project("{9A19103F-16F7-4668-BE54-9A1E7A4F7556}") = "04_interface_inherit", "08_interfaces\04_interface_inherit\04_interface_inherit.csproj", "{4199F2EB-2F47-4803-ACDC-2EACBDCEEF52}"
EndProject
Project("{9A19103F-16F7-4668-BE54-9A1E7A4F7556}") = "05_interface_explicit", "08_interfaces\05_interface_explicit\05_interface_explicit.csproj", "{D3CDC826-6895-4220-A2D6-7C262E67C5F2}"
EndProject
Project("{9A19103F-16F7-4668-BE54-9A1E7A4F7556}") = "06_IEnumerable_IComparable", "08_interfaces\06_IEnumerable_IComparable\06_IEnumerable_IComparable.csproj", "{472DCC67-6465-471D-A201-994037E6F5FE}"
EndProject
Project("{9A19103F-16F7-4668-BE54-9A1E7A4F7556}") = "07_ICloneable", "08_interfaces\07_ICloneable\07_ICloneable.csproj", "{9489AA01-D400-479B-9C7D-3E8567C7139B}"
EndProject
Project("{9A19103F-16F7-4668-BE54-9A1E7A4F7556}") = "09_delegates", "09_delegates\09_delegates.csproj", "{5FA660A1-D8AD-4166-BA90-7414391FAA82}"
EndProject
Project("{9A19103F-16F7-4668-BE54-9A1E7A4F7556}") = "10_dispose", "10_dispose\10_dispose.csproj", "{4E93A044-47DD-48CF-B03A-76D8F4CB9324}"
EndProject
Project("{2150E333-8FDC-42A3-9474-1A3956D46DE8}") = "11_entity_framework", "11_entity_framework", "{E45F872B-1058-43D6-9FBD-D6B85C7779EF}"
EndProject
Project("{9A19103F-16F7-4668-BE54-9A1E7A4F7556}") = "01_ef_base", "01_ef_base\01_ef_base.csproj", "{340DE5DD-1275-4902-A954-A810549A264A}"
EndProject
Project("{FAE04EC0-301F-11D3-BF4B-00C04F79EFBC}") = "02_ef_university_db", "02_ef_university_db\02_ef_university_db.csproj", "{9069F4C6-5BEE-4736-AABD-9DA3BB74F58C}"
EndProject
Global
	GlobalSection(SolutionConfigurationPlatforms) = preSolution
		Debug|Any CPU = Debug|Any CPU
		Release|Any CPU = Release|Any CPU
	EndGlobalSection
	GlobalSection(ProjectConfigurationPlatforms) = postSolution
		{9BE53E8F-76CF-4A42-A540-145A936F3A6E}.Debug|Any CPU.ActiveCfg = Debug|Any CPU
		{9BE53E8F-76CF-4A42-A540-145A936F3A6E}.Debug|Any CPU.Build.0 = Debug|Any CPU
		{9BE53E8F-76CF-4A42-A540-145A936F3A6E}.Release|Any CPU.ActiveCfg = Release|Any CPU
		{9BE53E8F-76CF-4A42-A540-145A936F3A6E}.Release|Any CPU.Build.0 = Release|Any CPU
		{F6ABF8EF-84DC-48DF-B0A9-482A5CE6B5E1}.Debug|Any CPU.ActiveCfg = Debug|Any CPU
		{F6ABF8EF-84DC-48DF-B0A9-482A5CE6B5E1}.Debug|Any CPU.Build.0 = Debug|Any CPU
		{F6ABF8EF-84DC-48DF-B0A9-482A5CE6B5E1}.Release|Any CPU.ActiveCfg = Release|Any CPU
		{F6ABF8EF-84DC-48DF-B0A9-482A5CE6B5E1}.Release|Any CPU.Build.0 = Release|Any CPU
		{95D35A84-579C-4D2A-BB1D-367B780B83CD}.Debug|Any CPU.ActiveCfg = Debug|Any CPU
		{95D35A84-579C-4D2A-BB1D-367B780B83CD}.Debug|Any CPU.Build.0 = Debug|Any CPU
		{95D35A84-579C-4D2A-BB1D-367B780B83CD}.Release|Any CPU.ActiveCfg = Release|Any CPU
		{95D35A84-579C-4D2A-BB1D-367B780B83CD}.Release|Any CPU.Build.0 = Release|Any CPU
		{22077E5A-2215-4152-98E9-A727B120C433}.Debug|Any CPU.ActiveCfg = Debug|Any CPU
		{22077E5A-2215-4152-98E9-A727B120C433}.Debug|Any CPU.Build.0 = Debug|Any CPU
		{22077E5A-2215-4152-98E9-A727B120C433}.Release|Any CPU.ActiveCfg = Release|Any CPU
		{22077E5A-2215-4152-98E9-A727B120C433}.Release|Any CPU.Build.0 = Release|Any CPU
		{7D143765-C11E-476B-936C-70BEC400994F}.Debug|Any CPU.ActiveCfg = Debug|Any CPU
		{7D143765-C11E-476B-936C-70BEC400994F}.Debug|Any CPU.Build.0 = Debug|Any CPU
		{7D143765-C11E-476B-936C-70BEC400994F}.Release|Any CPU.ActiveCfg = Release|Any CPU
		{7D143765-C11E-476B-936C-70BEC400994F}.Release|Any CPU.Build.0 = Release|Any CPU
		{38C21EDE-FF96-4819-A3E8-E26FA91319AE}.Debug|Any CPU.ActiveCfg = Debug|Any CPU
		{38C21EDE-FF96-4819-A3E8-E26FA91319AE}.Debug|Any CPU.Build.0 = Debug|Any CPU
		{38C21EDE-FF96-4819-A3E8-E26FA91319AE}.Release|Any CPU.ActiveCfg = Release|Any CPU
		{38C21EDE-FF96-4819-A3E8-E26FA91319AE}.Release|Any CPU.Build.0 = Release|Any CPU
		{6A915D17-7A15-4A38-9DAE-F05F0069FE8E}.Debug|Any CPU.ActiveCfg = Debug|Any CPU
		{6A915D17-7A15-4A38-9DAE-F05F0069FE8E}.Debug|Any CPU.Build.0 = Debug|Any CPU
		{6A915D17-7A15-4A38-9DAE-F05F0069FE8E}.Release|Any CPU.ActiveCfg = Release|Any CPU
		{6A915D17-7A15-4A38-9DAE-F05F0069FE8E}.Release|Any CPU.Build.0 = Release|Any CPU
		{8A75922D-8862-4671-921E-3793FF9461C7}.Debug|Any CPU.ActiveCfg = Debug|Any CPU
		{8A75922D-8862-4671-921E-3793FF9461C7}.Debug|Any CPU.Build.0 = Debug|Any CPU
		{8A75922D-8862-4671-921E-3793FF9461C7}.Release|Any CPU.ActiveCfg = Release|Any CPU
		{8A75922D-8862-4671-921E-3793FF9461C7}.Release|Any CPU.Build.0 = Release|Any CPU
		{9A760022-7090-41CE-AF63-D9C4AB994253}.Debug|Any CPU.ActiveCfg = Debug|Any CPU
		{9A760022-7090-41CE-AF63-D9C4AB994253}.Debug|Any CPU.Build.0 = Debug|Any CPU
		{9A760022-7090-41CE-AF63-D9C4AB994253}.Release|Any CPU.ActiveCfg = Release|Any CPU
		{9A760022-7090-41CE-AF63-D9C4AB994253}.Release|Any CPU.Build.0 = Release|Any CPU
		{ECDAD232-4251-4385-801C-7FA9600663D8}.Debug|Any CPU.ActiveCfg = Debug|Any CPU
		{ECDAD232-4251-4385-801C-7FA9600663D8}.Debug|Any CPU.Build.0 = Debug|Any CPU
		{ECDAD232-4251-4385-801C-7FA9600663D8}.Release|Any CPU.ActiveCfg = Release|Any CPU
		{ECDAD232-4251-4385-801C-7FA9600663D8}.Release|Any CPU.Build.0 = Release|Any CPU
		{4199F2EB-2F47-4803-ACDC-2EACBDCEEF52}.Debug|Any CPU.ActiveCfg = Debug|Any CPU
		{4199F2EB-2F47-4803-ACDC-2EACBDCEEF52}.Debug|Any CPU.Build.0 = Debug|Any CPU
		{4199F2EB-2F47-4803-ACDC-2EACBDCEEF52}.Release|Any CPU.ActiveCfg = Release|Any CPU
		{4199F2EB-2F47-4803-ACDC-2EACBDCEEF52}.Release|Any CPU.Build.0 = Release|Any CPU
		{D3CDC826-6895-4220-A2D6-7C262E67C5F2}.Debug|Any CPU.ActiveCfg = Debug|Any CPU
		{D3CDC826-6895-4220-A2D6-7C262E67C5F2}.Debug|Any CPU.Build.0 = Debug|Any CPU
		{D3CDC826-6895-4220-A2D6-7C262E67C5F2}.Release|Any CPU.ActiveCfg = Release|Any CPU
		{D3CDC826-6895-4220-A2D6-7C262E67C5F2}.Release|Any CPU.Build.0 = Release|Any CPU
		{472DCC67-6465-471D-A201-994037E6F5FE}.Debug|Any CPU.ActiveCfg = Debug|Any CPU
		{472DCC67-6465-471D-A201-994037E6F5FE}.Debug|Any CPU.Build.0 = Debug|Any CPU
		{472DCC67-6465-471D-A201-994037E6F5FE}.Release|Any CPU.ActiveCfg = Release|Any CPU
		{472DCC67-6465-471D-A201-994037E6F5FE}.Release|Any CPU.Build.0 = Release|Any CPU
		{9489AA01-D400-479B-9C7D-3E8567C7139B}.Debug|Any CPU.ActiveCfg = Debug|Any CPU
		{9489AA01-D400-479B-9C7D-3E8567C7139B}.Debug|Any CPU.Build.0 = Debug|Any CPU
		{9489AA01-D400-479B-9C7D-3E8567C7139B}.Release|Any CPU.ActiveCfg = Release|Any CPU
		{9489AA01-D400-479B-9C7D-3E8567C7139B}.Release|Any CPU.Build.0 = Release|Any CPU
		{5FA660A1-D8AD-4166-BA90-7414391FAA82}.Debug|Any CPU.ActiveCfg = Debug|Any CPU
		{5FA660A1-D8AD-4166-BA90-7414391FAA82}.Debug|Any CPU.Build.0 = Debug|Any CPU
		{5FA660A1-D8AD-4166-BA90-7414391FAA82}.Release|Any CPU.ActiveCfg = Release|Any CPU
		{5FA660A1-D8AD-4166-BA90-7414391FAA82}.Release|Any CPU.Build.0 = Release|Any CPU
		{4E93A044-47DD-48CF-B03A-76D8F4CB9324}.Debug|Any CPU.ActiveCfg = Debug|Any CPU
		{4E93A044-47DD-48CF-B03A-76D8F4CB9324}.Debug|Any CPU.Build.0 = Debug|Any CPU
		{4E93A044-47DD-48CF-B03A-76D8F4CB9324}.Release|Any CPU.ActiveCfg = Release|Any CPU
		{4E93A044-47DD-48CF-B03A-76D8F4CB9324}.Release|Any CPU.Build.0 = Release|Any CPU
		{340DE5DD-1275-4902-A954-A810549A264A}.Debug|Any CPU.ActiveCfg = Debug|Any CPU
		{340DE5DD-1275-4902-A954-A810549A264A}.Debug|Any CPU.Build.0 = Debug|Any CPU
		{340DE5DD-1275-4902-A954-A810549A264A}.Release|Any CPU.ActiveCfg = Release|Any CPU
		{340DE5DD-1275-4902-A954-A810549A264A}.Release|Any CPU.Build.0 = Release|Any CPU
		{9069F4C6-5BEE-4736-AABD-9DA3BB74F58C}.Debug|Any CPU.ActiveCfg = Debug|Any CPU
		{9069F4C6-5BEE-4736-AABD-9DA3BB74F58C}.Debug|Any CPU.Build.0 = Debug|Any CPU
		{9069F4C6-5BEE-4736-AABD-9DA3BB74F58C}.Release|Any CPU.ActiveCfg = Release|Any CPU
		{9069F4C6-5BEE-4736-AABD-9DA3BB74F58C}.Release|Any CPU.Build.0 = Release|Any CPU
	EndGlobalSection
	GlobalSection(SolutionProperties) = preSolution
		HideSolutionNode = FALSE
	EndGlobalSection
	GlobalSection(NestedProjects) = preSolution
		{8A75922D-8862-4671-921E-3793FF9461C7} = {89DC4FE9-BEE3-4DE1-B0B9-75DF5862B973}
		{9A760022-7090-41CE-AF63-D9C4AB994253} = {89DC4FE9-BEE3-4DE1-B0B9-75DF5862B973}
		{ECDAD232-4251-4385-801C-7FA9600663D8} = {89DC4FE9-BEE3-4DE1-B0B9-75DF5862B973}
		{4199F2EB-2F47-4803-ACDC-2EACBDCEEF52} = {89DC4FE9-BEE3-4DE1-B0B9-75DF5862B973}
		{D3CDC826-6895-4220-A2D6-7C262E67C5F2} = {89DC4FE9-BEE3-4DE1-B0B9-75DF5862B973}
		{472DCC67-6465-471D-A201-994037E6F5FE} = {89DC4FE9-BEE3-4DE1-B0B9-75DF5862B973}
		{9489AA01-D400-479B-9C7D-3E8567C7139B} = {89DC4FE9-BEE3-4DE1-B0B9-75DF5862B973}
		{340DE5DD-1275-4902-A954-A810549A264A} = {E45F872B-1058-43D6-9FBD-D6B85C7779EF}
		{9069F4C6-5BEE-4736-AABD-9DA3BB74F58C} = {E45F872B-1058-43D6-9FBD-D6B85C7779EF}
	EndGlobalSection
	GlobalSection(ExtensibilityGlobals) = postSolution
		SolutionGuid = {9A81AE83-18A7-4E52-A184-DB273384F943}
	EndGlobalSection
EndGlobal
